
Microsoft Visual Studio Solution File, Format Version 12.00
# Visual Studio Version 16
VisualStudioVersion = 16.0.29123.89
MinimumVisualStudioVersion = 10.0.40219.1
Project("{2150E333-8FDC-42A3-9474-1A3956D46DE8}") = "Web", "Web", "{7CEDCEF4-B42F-4F35-B85B-FD8071FCE50A}"
EndProject
Project("{2150E333-8FDC-42A3-9474-1A3956D46DE8}") = "Data", "Data", "{AFCCAC11-9E31-4317-A5E3-7BB76BE8F657}"
EndProject
Project("{2150E333-8FDC-42A3-9474-1A3956D46DE8}") = "Common", "Common", "{624972BE-2263-4F11-9DAE-F54536A2B951}"
EndProject
Project("{2150E333-8FDC-42A3-9474-1A3956D46DE8}") = "Services", "Services", "{F7B30493-2FF1-4CDE-A2CC-2A072E33E584}"
EndProject
Project("{9A19103F-16F7-4668-BE54-9A1E7A4F7556}") = "Panda2.Data", "Data\Panda2.Data\Panda2.Data.csproj", "{8B7B92A1-4E97-4054-B298-910F5DB287B6}"
EndProject
Project("{9A19103F-16F7-4668-BE54-9A1E7A4F7556}") = "Panda2.Data.Common", "Data\Panda2.Data.Common\Panda2.Data.Common.csproj", "{65E98E4D-1A7F-451C-BBE4-CAB3CC9F158A}"
EndProject
Project("{9A19103F-16F7-4668-BE54-9A1E7A4F7556}") = "Panda2.Data.Models", "Data\Panda2.Data.Models\Panda2.Data.Models.csproj", "{B1C7A4FB-9238-4796-B4DC-506B4E37BC21}"
EndProject
Project("{9A19103F-16F7-4668-BE54-9A1E7A4F7556}") = "Panda2.Services", "Services\Panda2.Services\Panda2.Services.csproj", "{6E50A9E2-BC6A-4990-95FE-1175BCABC347}"
EndProject
Project("{9A19103F-16F7-4668-BE54-9A1E7A4F7556}") = "Panda2.Services.Data", "Services\Panda2.Services.Data\Panda2.Services.Data.csproj", "{CA32248A-2823-4EA7-8643-1B76A6300947}"
EndProject
Project("{9A19103F-16F7-4668-BE54-9A1E7A4F7556}") = "Panda2.Services.Mapping", "Services\Panda2.Services.Mapping\Panda2.Services.Mapping.csproj", "{62D736D4-5D6C-47CB-B9BB-BA82B5D48F3F}"
EndProject
Project("{9A19103F-16F7-4668-BE54-9A1E7A4F7556}") = "Panda2.Services.Messaging", "Services\Panda2.Services.Messaging\Panda2.Services.Messaging.csproj", "{9BA14B18-56F5-4159-936F-7DDB440DB554}"
EndProject
Project("{9A19103F-16F7-4668-BE54-9A1E7A4F7556}") = "Panda2", "Web\Panda2.csproj", "{6BB42AB2-6CC8-4D95-881D-87B6D87ECABE}"
EndProject
Project("{9A19103F-16F7-4668-BE54-9A1E7A4F7556}") = "Panda2.Common", "Common\Panda2.Common.csproj", "{EC8601DB-6F0D-46DA-B9F3-8DF99CB6B588}"
EndProject
Global
	GlobalSection(SolutionConfigurationPlatforms) = preSolution
		Debug|Any CPU = Debug|Any CPU
		Release|Any CPU = Release|Any CPU
	EndGlobalSection
	GlobalSection(ProjectConfigurationPlatforms) = postSolution
		{8B7B92A1-4E97-4054-B298-910F5DB287B6}.Debug|Any CPU.ActiveCfg = Debug|Any CPU
		{8B7B92A1-4E97-4054-B298-910F5DB287B6}.Debug|Any CPU.Build.0 = Debug|Any CPU
		{8B7B92A1-4E97-4054-B298-910F5DB287B6}.Release|Any CPU.ActiveCfg = Release|Any CPU
		{8B7B92A1-4E97-4054-B298-910F5DB287B6}.Release|Any CPU.Build.0 = Release|Any CPU
		{65E98E4D-1A7F-451C-BBE4-CAB3CC9F158A}.Debug|Any CPU.ActiveCfg = Debug|Any CPU
		{65E98E4D-1A7F-451C-BBE4-CAB3CC9F158A}.Debug|Any CPU.Build.0 = Debug|Any CPU
		{65E98E4D-1A7F-451C-BBE4-CAB3CC9F158A}.Release|Any CPU.ActiveCfg = Release|Any CPU
		{65E98E4D-1A7F-451C-BBE4-CAB3CC9F158A}.Release|Any CPU.Build.0 = Release|Any CPU
		{B1C7A4FB-9238-4796-B4DC-506B4E37BC21}.Debug|Any CPU.ActiveCfg = Debug|Any CPU
		{B1C7A4FB-9238-4796-B4DC-506B4E37BC21}.Debug|Any CPU.Build.0 = Debug|Any CPU
		{B1C7A4FB-9238-4796-B4DC-506B4E37BC21}.Release|Any CPU.ActiveCfg = Release|Any CPU
		{B1C7A4FB-9238-4796-B4DC-506B4E37BC21}.Release|Any CPU.Build.0 = Release|Any CPU
		{6E50A9E2-BC6A-4990-95FE-1175BCABC347}.Debug|Any CPU.ActiveCfg = Debug|Any CPU
		{6E50A9E2-BC6A-4990-95FE-1175BCABC347}.Debug|Any CPU.Build.0 = Debug|Any CPU
		{6E50A9E2-BC6A-4990-95FE-1175BCABC347}.Release|Any CPU.ActiveCfg = Release|Any CPU
		{6E50A9E2-BC6A-4990-95FE-1175BCABC347}.Release|Any CPU.Build.0 = Release|Any CPU
		{CA32248A-2823-4EA7-8643-1B76A6300947}.Debug|Any CPU.ActiveCfg = Debug|Any CPU
		{CA32248A-2823-4EA7-8643-1B76A6300947}.Debug|Any CPU.Build.0 = Debug|Any CPU
		{CA32248A-2823-4EA7-8643-1B76A6300947}.Release|Any CPU.ActiveCfg = Release|Any CPU
		{CA32248A-2823-4EA7-8643-1B76A6300947}.Release|Any CPU.Build.0 = Release|Any CPU
		{62D736D4-5D6C-47CB-B9BB-BA82B5D48F3F}.Debug|Any CPU.ActiveCfg = Debug|Any CPU
		{62D736D4-5D6C-47CB-B9BB-BA82B5D48F3F}.Debug|Any CPU.Build.0 = Debug|Any CPU
		{62D736D4-5D6C-47CB-B9BB-BA82B5D48F3F}.Release|Any CPU.ActiveCfg = Release|Any CPU
		{62D736D4-5D6C-47CB-B9BB-BA82B5D48F3F}.Release|Any CPU.Build.0 = Release|Any CPU
		{9BA14B18-56F5-4159-936F-7DDB440DB554}.Debug|Any CPU.ActiveCfg = Debug|Any CPU
		{9BA14B18-56F5-4159-936F-7DDB440DB554}.Debug|Any CPU.Build.0 = Debug|Any CPU
		{9BA14B18-56F5-4159-936F-7DDB440DB554}.Release|Any CPU.ActiveCfg = Release|Any CPU
		{9BA14B18-56F5-4159-936F-7DDB440DB554}.Release|Any CPU.Build.0 = Release|Any CPU
		{6BB42AB2-6CC8-4D95-881D-87B6D87ECABE}.Debug|Any CPU.ActiveCfg = Debug|Any CPU
		{6BB42AB2-6CC8-4D95-881D-87B6D87ECABE}.Debug|Any CPU.Build.0 = Debug|Any CPU
		{6BB42AB2-6CC8-4D95-881D-87B6D87ECABE}.Release|Any CPU.ActiveCfg = Release|Any CPU
		{6BB42AB2-6CC8-4D95-881D-87B6D87ECABE}.Release|Any CPU.Build.0 = Release|Any CPU
		{EC8601DB-6F0D-46DA-B9F3-8DF99CB6B588}.Debug|Any CPU.ActiveCfg = Debug|Any CPU
		{EC8601DB-6F0D-46DA-B9F3-8DF99CB6B588}.Debug|Any CPU.Build.0 = Debug|Any CPU
		{EC8601DB-6F0D-46DA-B9F3-8DF99CB6B588}.Release|Any CPU.ActiveCfg = Release|Any CPU
		{EC8601DB-6F0D-46DA-B9F3-8DF99CB6B588}.Release|Any CPU.Build.0 = Release|Any CPU
	EndGlobalSection
	GlobalSection(SolutionProperties) = preSolution
		HideSolutionNode = FALSE
	EndGlobalSection
	GlobalSection(NestedProjects) = preSolution
		{8B7B92A1-4E97-4054-B298-910F5DB287B6} = {AFCCAC11-9E31-4317-A5E3-7BB76BE8F657}
		{65E98E4D-1A7F-451C-BBE4-CAB3CC9F158A} = {AFCCAC11-9E31-4317-A5E3-7BB76BE8F657}
		{B1C7A4FB-9238-4796-B4DC-506B4E37BC21} = {AFCCAC11-9E31-4317-A5E3-7BB76BE8F657}
		{6E50A9E2-BC6A-4990-95FE-1175BCABC347} = {F7B30493-2FF1-4CDE-A2CC-2A072E33E584}
		{CA32248A-2823-4EA7-8643-1B76A6300947} = {F7B30493-2FF1-4CDE-A2CC-2A072E33E584}
		{62D736D4-5D6C-47CB-B9BB-BA82B5D48F3F} = {F7B30493-2FF1-4CDE-A2CC-2A072E33E584}
		{9BA14B18-56F5-4159-936F-7DDB440DB554} = {F7B30493-2FF1-4CDE-A2CC-2A072E33E584}
		{6BB42AB2-6CC8-4D95-881D-87B6D87ECABE} = {7CEDCEF4-B42F-4F35-B85B-FD8071FCE50A}
		{EC8601DB-6F0D-46DA-B9F3-8DF99CB6B588} = {624972BE-2263-4F11-9DAE-F54536A2B951}
	EndGlobalSection
	GlobalSection(ExtensibilityGlobals) = postSolution
		SolutionGuid = {156EA64F-C7EA-4F82-A0FC-09B1BD3FA76B}
	EndGlobalSection
EndGlobal
