
Microsoft Visual Studio Solution File, Format Version 12.00
# Visual Studio Version 16
VisualStudioVersion = 16.0.29123.89
MinimumVisualStudioVersion = 10.0.40219.1
Project("{9A19103F-16F7-4668-BE54-9A1E7A4F7556}") = "Panda2", "Panda2.csproj", "{CD52B12C-5E35-41F1-BFBE-94FEC8131418}"
EndProject
Project("{9A19103F-16F7-4668-BE54-9A1E7A4F7556}") = "Panda2.Data", "..\Panda2.Data\Panda2.Data.csproj", "{F12FCD4C-C47E-4FDB-94F2-4978CE8078DF}"
EndProject
Project("{9A19103F-16F7-4668-BE54-9A1E7A4F7556}") = "Panda2.Data.Models", "..\Panda2.Models\Panda2.Data.Models.csproj", "{56C79C4E-6DCD-4CCD-8EA9-B2AA525BE4E8}"
EndProject
Project("{9A19103F-16F7-4668-BE54-9A1E7A4F7556}") = "Panda2.Services", "..\Panda2.Services\Panda2.Services.csproj", "{CFEF252E-BB5C-4405-9DFD-6ACF75BF26B7}"
EndProject
Project("{2150E333-8FDC-42A3-9474-1A3956D46DE8}") = "Web", "Web", "{7CEDCEF4-B42F-4F35-B85B-FD8071FCE50A}"
EndProject
Project("{2150E333-8FDC-42A3-9474-1A3956D46DE8}") = "Data", "Data", "{AFCCAC11-9E31-4317-A5E3-7BB76BE8F657}"
EndProject
Project("{FAE04EC0-301F-11D3-BF4B-00C04F79EFBC}") = "Panda2.Data.Common", "..\Panda2.Data.Common\Panda2.Data.Common.csproj", "{BE02B4E8-95D0-496A-8957-0E80081453D1}"
EndProject
Project("{2150E333-8FDC-42A3-9474-1A3956D46DE8}") = "Panda2.Common", "Panda2.Common", "{624972BE-2263-4F11-9DAE-F54536A2B951}"
EndProject
Project("{9A19103F-16F7-4668-BE54-9A1E7A4F7556}") = "Panda2.Common", "..\..\..\..\..\..\ASP.NET-MVC-Template-master\ASP.NET Core\PandaTwo.Common\Panda2.Common.csproj", "{755A22EA-7B83-42AD-9862-A36AC8F9BA1E}"
EndProject
Project("{2150E333-8FDC-42A3-9474-1A3956D46DE8}") = "Services", "Services", "{F7B30493-2FF1-4CDE-A2CC-2A072E33E584}"
EndProject
Project("{9A19103F-16F7-4668-BE54-9A1E7A4F7556}") = "Panda2.Services.Data", "..\..\..\..\..\..\ASP.NET-MVC-Template-master\ASP.NET Core\Services\PandaTwo.Services.Data\Panda2.Services.Data.csproj", "{889E62BE-04AF-4949-A77B-0F4A3439FFC7}"
EndProject
Project("{9A19103F-16F7-4668-BE54-9A1E7A4F7556}") = "Panda2.Services.Mapping", "..\..\..\..\..\..\ASP.NET-MVC-Template-master\ASP.NET Core\Services\PandaTwo.Services.Mapping\Panda2.Services.Mapping.csproj", "{108EB34E-8AF3-4D08-BA7B-1572C4564614}"
EndProject
Project("{9A19103F-16F7-4668-BE54-9A1E7A4F7556}") = "Panda2.Services.Messaging", "..\..\..\..\..\..\ASP.NET-MVC-Template-master\ASP.NET Core\Services\PandaTwo.Services.Messaging\Panda2.Services.Messaging.csproj", "{B68EE1E7-F9A3-40BA-BB16-F333673DEDD3}"
EndProject
Project("{2150E333-8FDC-42A3-9474-1A3956D46DE8}") = "Solution Items", "Solution Items", "{5BCC2021-0FFF-4A6E-B1EE-C13B0221F9C2}"
	ProjectSection(SolutionItems) = preProject
		..\..\..\..\..\..\ASP.NET-MVC-Template-master\ASP.NET Core\Settings.StyleCop = ..\..\..\..\..\..\ASP.NET-MVC-Template-master\ASP.NET Core\Settings.StyleCop
		..\..\..\..\..\..\ASP.NET-MVC-Template-master\ASP.NET Core\stylecop.json = ..\..\..\..\..\..\ASP.NET-MVC-Template-master\ASP.NET Core\stylecop.json
	EndProjectSection
EndProject
Global
	GlobalSection(SolutionConfigurationPlatforms) = preSolution
		Debug|Any CPU = Debug|Any CPU
		Release|Any CPU = Release|Any CPU
	EndGlobalSection
	GlobalSection(ProjectConfigurationPlatforms) = postSolution
		{CD52B12C-5E35-41F1-BFBE-94FEC8131418}.Debug|Any CPU.ActiveCfg = Debug|Any CPU
		{CD52B12C-5E35-41F1-BFBE-94FEC8131418}.Debug|Any CPU.Build.0 = Debug|Any CPU
		{CD52B12C-5E35-41F1-BFBE-94FEC8131418}.Release|Any CPU.ActiveCfg = Release|Any CPU
		{CD52B12C-5E35-41F1-BFBE-94FEC8131418}.Release|Any CPU.Build.0 = Release|Any CPU
		{F12FCD4C-C47E-4FDB-94F2-4978CE8078DF}.Debug|Any CPU.ActiveCfg = Debug|Any CPU
		{F12FCD4C-C47E-4FDB-94F2-4978CE8078DF}.Debug|Any CPU.Build.0 = Debug|Any CPU
		{F12FCD4C-C47E-4FDB-94F2-4978CE8078DF}.Release|Any CPU.ActiveCfg = Release|Any CPU
		{F12FCD4C-C47E-4FDB-94F2-4978CE8078DF}.Release|Any CPU.Build.0 = Release|Any CPU
		{56C79C4E-6DCD-4CCD-8EA9-B2AA525BE4E8}.Debug|Any CPU.ActiveCfg = Debug|Any CPU
		{56C79C4E-6DCD-4CCD-8EA9-B2AA525BE4E8}.Debug|Any CPU.Build.0 = Debug|Any CPU
		{56C79C4E-6DCD-4CCD-8EA9-B2AA525BE4E8}.Release|Any CPU.ActiveCfg = Release|Any CPU
		{56C79C4E-6DCD-4CCD-8EA9-B2AA525BE4E8}.Release|Any CPU.Build.0 = Release|Any CPU
		{CFEF252E-BB5C-4405-9DFD-6ACF75BF26B7}.Debug|Any CPU.ActiveCfg = Debug|Any CPU
		{CFEF252E-BB5C-4405-9DFD-6ACF75BF26B7}.Debug|Any CPU.Build.0 = Debug|Any CPU
		{CFEF252E-BB5C-4405-9DFD-6ACF75BF26B7}.Release|Any CPU.ActiveCfg = Release|Any CPU
		{CFEF252E-BB5C-4405-9DFD-6ACF75BF26B7}.Release|Any CPU.Build.0 = Release|Any CPU
		{BE02B4E8-95D0-496A-8957-0E80081453D1}.Debug|Any CPU.ActiveCfg = Debug|Any CPU
		{BE02B4E8-95D0-496A-8957-0E80081453D1}.Debug|Any CPU.Build.0 = Debug|Any CPU
		{BE02B4E8-95D0-496A-8957-0E80081453D1}.Release|Any CPU.ActiveCfg = Release|Any CPU
		{BE02B4E8-95D0-496A-8957-0E80081453D1}.Release|Any CPU.Build.0 = Release|Any CPU
		{755A22EA-7B83-42AD-9862-A36AC8F9BA1E}.Debug|Any CPU.ActiveCfg = Debug|Any CPU
		{755A22EA-7B83-42AD-9862-A36AC8F9BA1E}.Debug|Any CPU.Build.0 = Debug|Any CPU
		{755A22EA-7B83-42AD-9862-A36AC8F9BA1E}.Release|Any CPU.ActiveCfg = Release|Any CPU
		{755A22EA-7B83-42AD-9862-A36AC8F9BA1E}.Release|Any CPU.Build.0 = Release|Any CPU
		{889E62BE-04AF-4949-A77B-0F4A3439FFC7}.Debug|Any CPU.ActiveCfg = Debug|Any CPU
		{889E62BE-04AF-4949-A77B-0F4A3439FFC7}.Debug|Any CPU.Build.0 = Debug|Any CPU
		{889E62BE-04AF-4949-A77B-0F4A3439FFC7}.Release|Any CPU.ActiveCfg = Release|Any CPU
		{889E62BE-04AF-4949-A77B-0F4A3439FFC7}.Release|Any CPU.Build.0 = Release|Any CPU
		{108EB34E-8AF3-4D08-BA7B-1572C4564614}.Debug|Any CPU.ActiveCfg = Debug|Any CPU
		{108EB34E-8AF3-4D08-BA7B-1572C4564614}.Debug|Any CPU.Build.0 = Debug|Any CPU
		{108EB34E-8AF3-4D08-BA7B-1572C4564614}.Release|Any CPU.ActiveCfg = Release|Any CPU
		{108EB34E-8AF3-4D08-BA7B-1572C4564614}.Release|Any CPU.Build.0 = Release|Any CPU
		{B68EE1E7-F9A3-40BA-BB16-F333673DEDD3}.Debug|Any CPU.ActiveCfg = Debug|Any CPU
		{B68EE1E7-F9A3-40BA-BB16-F333673DEDD3}.Debug|Any CPU.Build.0 = Debug|Any CPU
		{B68EE1E7-F9A3-40BA-BB16-F333673DEDD3}.Release|Any CPU.ActiveCfg = Release|Any CPU
		{B68EE1E7-F9A3-40BA-BB16-F333673DEDD3}.Release|Any CPU.Build.0 = Release|Any CPU
	EndGlobalSection
	GlobalSection(SolutionProperties) = preSolution
		HideSolutionNode = FALSE
	EndGlobalSection
	GlobalSection(NestedProjects) = preSolution
		{CD52B12C-5E35-41F1-BFBE-94FEC8131418} = {7CEDCEF4-B42F-4F35-B85B-FD8071FCE50A}
		{F12FCD4C-C47E-4FDB-94F2-4978CE8078DF} = {AFCCAC11-9E31-4317-A5E3-7BB76BE8F657}
		{56C79C4E-6DCD-4CCD-8EA9-B2AA525BE4E8} = {AFCCAC11-9E31-4317-A5E3-7BB76BE8F657}
		{CFEF252E-BB5C-4405-9DFD-6ACF75BF26B7} = {F7B30493-2FF1-4CDE-A2CC-2A072E33E584}
		{BE02B4E8-95D0-496A-8957-0E80081453D1} = {AFCCAC11-9E31-4317-A5E3-7BB76BE8F657}
		{755A22EA-7B83-42AD-9862-A36AC8F9BA1E} = {624972BE-2263-4F11-9DAE-F54536A2B951}
		{889E62BE-04AF-4949-A77B-0F4A3439FFC7} = {F7B30493-2FF1-4CDE-A2CC-2A072E33E584}
		{108EB34E-8AF3-4D08-BA7B-1572C4564614} = {F7B30493-2FF1-4CDE-A2CC-2A072E33E584}
		{B68EE1E7-F9A3-40BA-BB16-F333673DEDD3} = {F7B30493-2FF1-4CDE-A2CC-2A072E33E584}
	EndGlobalSection
	GlobalSection(ExtensibilityGlobals) = postSolution
		SolutionGuid = {156EA64F-C7EA-4F82-A0FC-09B1BD3FA76B}
	EndGlobalSection
EndGlobal
